
Microsoft Visual Studio Solution File, Format Version 12.00
# Visual Studio Version 16
VisualStudioVersion = 16.0.32428.217
MinimumVisualStudioVersion = 10.0.40219.1
Project("{FAE04EC0-301F-11D3-BF4B-00C04F79EFBC}") = "Курсач", "Курсач\Курсач.csproj", "{7DFC6F99-4958-44F5-9AB0-0D701B038A4A}"
EndProject
Global
	GlobalSection(SolutionConfigurationPlatforms) = preSolution
		Debug|Any CPU = Debug|Any CPU
		Release|Any CPU = Release|Any CPU
	EndGlobalSection
	GlobalSection(ProjectConfigurationPlatforms) = postSolution
		{7DFC6F99-4958-44F5-9AB0-0D701B038A4A}.Debug|Any CPU.ActiveCfg = Debug|Any CPU
		{7DFC6F99-4958-44F5-9AB0-0D701B038A4A}.Debug|Any CPU.Build.0 = Debug|Any CPU
		{7DFC6F99-4958-44F5-9AB0-0D701B038A4A}.Release|Any CPU.ActiveCfg = Release|Any CPU
		{7DFC6F99-4958-44F5-9AB0-0D701B038A4A}.Release|Any CPU.Build.0 = Release|Any CPU
	EndGlobalSection
	GlobalSection(SolutionProperties) = preSolution
		HideSolutionNode = FALSE
	EndGlobalSection
	GlobalSection(ExtensibilityGlobals) = postSolution
		SolutionGuid = {89B5E34E-27C8-453A-96B5-549CB2730BEE}
	EndGlobalSection
EndGlobal
